// !$*UTF8*$!
{
	archiveVersion = 1;
	classes = {
	};
	objectVersion = 55;
	objects = {

/* Begin PBXBuildFile section */
		1007A2C9270F7D780000997C /* AppDelegate.swift in Sources */ = {isa = PBXBuildFile; fileRef = 1007A2C8270F7D780000997C /* AppDelegate.swift */; };
		1007A2CB270F7D780000997C /* SceneDelegate.swift in Sources */ = {isa = PBXBuildFile; fileRef = 1007A2CA270F7D780000997C /* SceneDelegate.swift */; };
		1007A2D2270F7D7F0000997C /* Assets.xcassets in Resources */ = {isa = PBXBuildFile; fileRef = 1007A2D1270F7D7F0000997C /* Assets.xcassets */; };
		1007A2D5270F7D7F0000997C /* LaunchScreen.storyboard in Resources */ = {isa = PBXBuildFile; fileRef = 1007A2D3270F7D7F0000997C /* LaunchScreen.storyboard */; };
		1007A2E4271740460000997C /* Extesions.swift in Sources */ = {isa = PBXBuildFile; fileRef = 1007A2E3271740460000997C /* Extesions.swift */; };
		1007A2E6271748C30000997C /* User.swift in Sources */ = {isa = PBXBuildFile; fileRef = 1007A2E5271748C30000997C /* User.swift */; };
		1007A2E8271748E20000997C /* DriverAnnotation.swift in Sources */ = {isa = PBXBuildFile; fileRef = 1007A2E7271748E20000997C /* DriverAnnotation.swift */; };
		1007A2EA271748FC0000997C /* Trip.swift in Sources */ = {isa = PBXBuildFile; fileRef = 1007A2E9271748FC0000997C /* Trip.swift */; };
		1007A2EC271749220000997C /* RideActionView.swift in Sources */ = {isa = PBXBuildFile; fileRef = 1007A2EB271749220000997C /* RideActionView.swift */; };
		1007A2EE271749380000997C /* LocationCell.swift in Sources */ = {isa = PBXBuildFile; fileRef = 1007A2ED271749380000997C /* LocationCell.swift */; };
		1007A2F02717494C0000997C /* AuthButton.swift in Sources */ = {isa = PBXBuildFile; fileRef = 1007A2EF2717494C0000997C /* AuthButton.swift */; };
		1007A2F22717495F0000997C /* LocationInputView.swift in Sources */ = {isa = PBXBuildFile; fileRef = 1007A2F12717495F0000997C /* LocationInputView.swift */; };
		1007A2F42717498F0000997C /* LocationInputActivationView.swift in Sources */ = {isa = PBXBuildFile; fileRef = 1007A2F32717498F0000997C /* LocationInputActivationView.swift */; };
		1007A2F6271749A10000997C /* MenuHeader.swift in Sources */ = {isa = PBXBuildFile; fileRef = 1007A2F5271749A10000997C /* MenuHeader.swift */; };
		1007A2F8271749BC0000997C /* UserInfoHeader.swift in Sources */ = {isa = PBXBuildFile; fileRef = 1007A2F7271749BC0000997C /* UserInfoHeader.swift */; };
		1007A2FA271749DC0000997C /* CircularProgressView.swift in Sources */ = {isa = PBXBuildFile; fileRef = 1007A2F9271749DC0000997C /* CircularProgressView.swift */; };
		1007A2FF27174A1D0000997C /* SettingsController.swift in Sources */ = {isa = PBXBuildFile; fileRef = 1007A2FE27174A1D0000997C /* SettingsController.swift */; };
		1007A30127174A390000997C /* AddLocationController.swift in Sources */ = {isa = PBXBuildFile; fileRef = 1007A30027174A390000997C /* AddLocationController.swift */; };
		1007A30327174A540000997C /* MenuController.swift in Sources */ = {isa = PBXBuildFile; fileRef = 1007A30227174A540000997C /* MenuController.swift */; };
		1007A30527174A690000997C /* ContainerController.swift in Sources */ = {isa = PBXBuildFile; fileRef = 1007A30427174A690000997C /* ContainerController.swift */; };
		1007A30727174A880000997C /* LoginController.swift in Sources */ = {isa = PBXBuildFile; fileRef = 1007A30627174A880000997C /* LoginController.swift */; };
		1007A30927174AA40000997C /* SignUpController.swift in Sources */ = {isa = PBXBuildFile; fileRef = 1007A30827174AA40000997C /* SignUpController.swift */; };
		1007A30B27174AD40000997C /* HomeController.swift in Sources */ = {isa = PBXBuildFile; fileRef = 1007A30A27174AD40000997C /* HomeController.swift */; };
		1007A30D27174AF80000997C /* PickUpController.swift in Sources */ = {isa = PBXBuildFile; fileRef = 1007A30C27174AF80000997C /* PickUpController.swift */; };
		1007A30F27174B120000997C /* Service.swift in Sources */ = {isa = PBXBuildFile; fileRef = 1007A30E27174B120000997C /* Service.swift */; };
		1007A31127174B3F0000997C /* LocationHandler.swift in Sources */ = {isa = PBXBuildFile; fileRef = 1007A31027174B3F0000997C /* LocationHandler.swift */; };
		1007A31327175A460000997C /* GoogleService-Info.plist in Resources */ = {isa = PBXBuildFile; fileRef = 1007A31227175A460000997C /* GoogleService-Info.plist */; };
		4F48D37A69AF9D740AD0BD38 /* Pods_Uber_Clone.framework in Frameworks */ = {isa = PBXBuildFile; fileRef = F114D35EF285D5A7147B3814 /* Pods_Uber_Clone.framework */; };
/* End PBXBuildFile section */

/* Begin PBXFileReference section */
		1007A2C5270F7D780000997C /* Uber Clone.app */ = {isa = PBXFileReference; explicitFileType = wrapper.application; includeInIndex = 0; path = "Uber Clone.app"; sourceTree = BUILT_PRODUCTS_DIR; };
		1007A2C8270F7D780000997C /* AppDelegate.swift */ = {isa = PBXFileReference; lastKnownFileType = sourcecode.swift; path = AppDelegate.swift; sourceTree = "<group>"; };
		1007A2CA270F7D780000997C /* SceneDelegate.swift */ = {isa = PBXFileReference; lastKnownFileType = sourcecode.swift; path = SceneDelegate.swift; sourceTree = "<group>"; };
		1007A2D1270F7D7F0000997C /* Assets.xcassets */ = {isa = PBXFileReference; lastKnownFileType = folder.assetcatalog; path = Assets.xcassets; sourceTree = "<group>"; };
		1007A2D4270F7D7F0000997C /* Base */ = {isa = PBXFileReference; lastKnownFileType = file.storyboard; name = Base; path = Base.lproj/LaunchScreen.storyboard; sourceTree = "<group>"; };
		1007A2D6270F7D7F0000997C /* Info.plist */ = {isa = PBXFileReference; lastKnownFileType = text.plist.xml; path = Info.plist; sourceTree = "<group>"; };
		1007A2E3271740460000997C /* Extesions.swift */ = {isa = PBXFileReference; lastKnownFileType = sourcecode.swift; path = Extesions.swift; sourceTree = "<group>"; };
		1007A2E5271748C30000997C /* User.swift */ = {isa = PBXFileReference; lastKnownFileType = sourcecode.swift; path = User.swift; sourceTree = "<group>"; };
		1007A2E7271748E20000997C /* DriverAnnotation.swift */ = {isa = PBXFileReference; lastKnownFileType = sourcecode.swift; path = DriverAnnotation.swift; sourceTree = "<group>"; };
		1007A2E9271748FC0000997C /* Trip.swift */ = {isa = PBXFileReference; lastKnownFileType = sourcecode.swift; path = Trip.swift; sourceTree = "<group>"; };
		1007A2EB271749220000997C /* RideActionView.swift */ = {isa = PBXFileReference; lastKnownFileType = sourcecode.swift; path = RideActionView.swift; sourceTree = "<group>"; };
		1007A2ED271749380000997C /* LocationCell.swift */ = {isa = PBXFileReference; lastKnownFileType = sourcecode.swift; path = LocationCell.swift; sourceTree = "<group>"; };
		1007A2EF2717494C0000997C /* AuthButton.swift */ = {isa = PBXFileReference; lastKnownFileType = sourcecode.swift; path = AuthButton.swift; sourceTree = "<group>"; };
		1007A2F12717495F0000997C /* LocationInputView.swift */ = {isa = PBXFileReference; lastKnownFileType = sourcecode.swift; path = LocationInputView.swift; sourceTree = "<group>"; };
		1007A2F32717498F0000997C /* LocationInputActivationView.swift */ = {isa = PBXFileReference; lastKnownFileType = sourcecode.swift; path = LocationInputActivationView.swift; sourceTree = "<group>"; };
		1007A2F5271749A10000997C /* MenuHeader.swift */ = {isa = PBXFileReference; lastKnownFileType = sourcecode.swift; path = MenuHeader.swift; sourceTree = "<group>"; };
		1007A2F7271749BC0000997C /* UserInfoHeader.swift */ = {isa = PBXFileReference; lastKnownFileType = sourcecode.swift; path = UserInfoHeader.swift; sourceTree = "<group>"; };
		1007A2F9271749DC0000997C /* CircularProgressView.swift */ = {isa = PBXFileReference; lastKnownFileType = sourcecode.swift; path = CircularProgressView.swift; sourceTree = "<group>"; };
		1007A2FE27174A1D0000997C /* SettingsController.swift */ = {isa = PBXFileReference; lastKnownFileType = sourcecode.swift; path = SettingsController.swift; sourceTree = "<group>"; };
		1007A30027174A390000997C /* AddLocationController.swift */ = {isa = PBXFileReference; lastKnownFileType = sourcecode.swift; path = AddLocationController.swift; sourceTree = "<group>"; };
		1007A30227174A540000997C /* MenuController.swift */ = {isa = PBXFileReference; lastKnownFileType = sourcecode.swift; path = MenuController.swift; sourceTree = "<group>"; };
		1007A30427174A690000997C /* ContainerController.swift */ = {isa = PBXFileReference; lastKnownFileType = sourcecode.swift; path = ContainerController.swift; sourceTree = "<group>"; };
		1007A30627174A880000997C /* LoginController.swift */ = {isa = PBXFileReference; lastKnownFileType = sourcecode.swift; path = LoginController.swift; sourceTree = "<group>"; };
		1007A30827174AA40000997C /* SignUpController.swift */ = {isa = PBXFileReference; lastKnownFileType = sourcecode.swift; path = SignUpController.swift; sourceTree = "<group>"; };
		1007A30A27174AD40000997C /* HomeController.swift */ = {isa = PBXFileReference; lastKnownFileType = sourcecode.swift; path = HomeController.swift; sourceTree = "<group>"; };
		1007A30C27174AF80000997C /* PickUpController.swift */ = {isa = PBXFileReference; lastKnownFileType = sourcecode.swift; path = PickUpController.swift; sourceTree = "<group>"; };
		1007A30E27174B120000997C /* Service.swift */ = {isa = PBXFileReference; lastKnownFileType = sourcecode.swift; path = Service.swift; sourceTree = "<group>"; };
		1007A31027174B3F0000997C /* LocationHandler.swift */ = {isa = PBXFileReference; lastKnownFileType = sourcecode.swift; path = LocationHandler.swift; sourceTree = "<group>"; };
		1007A31227175A460000997C /* GoogleService-Info.plist */ = {isa = PBXFileReference; fileEncoding = 4; lastKnownFileType = text.plist.xml; path = "GoogleService-Info.plist"; sourceTree = "<group>"; };
		CB95015FFD0D9A8E972F28F4 /* Pods-Uber Clone.debug.xcconfig */ = {isa = PBXFileReference; includeInIndex = 1; lastKnownFileType = text.xcconfig; name = "Pods-Uber Clone.debug.xcconfig"; path = "Target Support Files/Pods-Uber Clone/Pods-Uber Clone.debug.xcconfig"; sourceTree = "<group>"; };
		DDBB594AEB96DB9C7E9B3915 /* Pods-Uber Clone.release.xcconfig */ = {isa = PBXFileReference; includeInIndex = 1; lastKnownFileType = text.xcconfig; name = "Pods-Uber Clone.release.xcconfig"; path = "Target Support Files/Pods-Uber Clone/Pods-Uber Clone.release.xcconfig"; sourceTree = "<group>"; };
		F114D35EF285D5A7147B3814 /* Pods_Uber_Clone.framework */ = {isa = PBXFileReference; explicitFileType = wrapper.framework; includeInIndex = 0; path = Pods_Uber_Clone.framework; sourceTree = BUILT_PRODUCTS_DIR; };
/* End PBXFileReference section */

/* Begin PBXFrameworksBuildPhase section */
		1007A2C2270F7D780000997C /* Frameworks */ = {
			isa = PBXFrameworksBuildPhase;
			buildActionMask = 2147483647;
			files = (
				4F48D37A69AF9D740AD0BD38 /* Pods_Uber_Clone.framework in Frameworks */,
			);
			runOnlyForDeploymentPostprocessing = 0;
		};
/* End PBXFrameworksBuildPhase section */

/* Begin PBXGroup section */
		1007A2BC270F7D780000997C = {
			isa = PBXGroup;
			children = (
				1007A2C7270F7D780000997C /* Uber Clone */,
				1007A2C6270F7D780000997C /* Products */,
				3CA5274CB0751ACBC542CEDD /* Pods */,
				D80546134DB31A1DAAD8D916 /* Frameworks */,
			);
			sourceTree = "<group>";
		};
		1007A2C6270F7D780000997C /* Products */ = {
			isa = PBXGroup;
			children = (
				1007A2C5270F7D780000997C /* Uber Clone.app */,
			);
			name = Products;
			sourceTree = "<group>";
		};
		1007A2C7270F7D780000997C /* Uber Clone */ = {
			isa = PBXGroup;
			children = (
				1007A2DC270F7DC10000997C /* Model */,
				1007A2DD270F7DCF0000997C /* View */,
				1007A2DE270F7DDB0000997C /* Controller */,
				1007A2DF270F7DEA0000997C /* Service */,
				1007A2E0270F7DFF0000997C /* Utils */,
				1007A2C8270F7D780000997C /* AppDelegate.swift */,
				1007A2CA270F7D780000997C /* SceneDelegate.swift */,
				1007A2D1270F7D7F0000997C /* Assets.xcassets */,
				1007A2D3270F7D7F0000997C /* LaunchScreen.storyboard */,
				1007A31227175A460000997C /* GoogleService-Info.plist */,
				1007A2D6270F7D7F0000997C /* Info.plist */,
			);
			path = "Uber Clone";
			sourceTree = "<group>";
		};
		1007A2DC270F7DC10000997C /* Model */ = {
			isa = PBXGroup;
			children = (
				1007A2E5271748C30000997C /* User.swift */,
				1007A2E7271748E20000997C /* DriverAnnotation.swift */,
				1007A2E9271748FC0000997C /* Trip.swift */,
			);
			path = Model;
			sourceTree = "<group>";
		};
		1007A2DD270F7DCF0000997C /* View */ = {
			isa = PBXGroup;
			children = (
				1007A2EB271749220000997C /* RideActionView.swift */,
				1007A2ED271749380000997C /* LocationCell.swift */,
				1007A2EF2717494C0000997C /* AuthButton.swift */,
				1007A2F12717495F0000997C /* LocationInputView.swift */,
				1007A2F32717498F0000997C /* LocationInputActivationView.swift */,
				1007A2F5271749A10000997C /* MenuHeader.swift */,
				1007A2F7271749BC0000997C /* UserInfoHeader.swift */,
				1007A2F9271749DC0000997C /* CircularProgressView.swift */,
			);
			path = View;
			sourceTree = "<group>";
		};
		1007A2DE270F7DDB0000997C /* Controller */ = {
			isa = PBXGroup;
			children = (
				1007A2FB271749EB0000997C /* Settings */,
				1007A2FC271749F30000997C /* SideMenu */,
				1007A2FD271749FA0000997C /* Authentication */,
				1007A30A27174AD40000997C /* HomeController.swift */,
				1007A30C27174AF80000997C /* PickUpController.swift */,
			);
			path = Controller;
			sourceTree = "<group>";
		};
		1007A2DF270F7DEA0000997C /* Service */ = {
			isa = PBXGroup;
			children = (
				1007A30E27174B120000997C /* Service.swift */,
			);
			path = Service;
			sourceTree = "<group>";
		};
		1007A2E0270F7DFF0000997C /* Utils */ = {
			isa = PBXGroup;
			children = (
				1007A2E3271740460000997C /* Extesions.swift */,
				1007A31027174B3F0000997C /* LocationHandler.swift */,
			);
			path = Utils;
			sourceTree = "<group>";
		};
		1007A2FB271749EB0000997C /* Settings */ = {
			isa = PBXGroup;
			children = (
				1007A2FE27174A1D0000997C /* SettingsController.swift */,
				1007A30027174A390000997C /* AddLocationController.swift */,
			);
			path = Settings;
			sourceTree = "<group>";
		};
		1007A2FC271749F30000997C /* SideMenu */ = {
			isa = PBXGroup;
			children = (
				1007A30227174A540000997C /* MenuController.swift */,
				1007A30427174A690000997C /* ContainerController.swift */,
			);
			path = SideMenu;
			sourceTree = "<group>";
		};
		1007A2FD271749FA0000997C /* Authentication */ = {
			isa = PBXGroup;
			children = (
				1007A30627174A880000997C /* LoginController.swift */,
				1007A30827174AA40000997C /* SignUpController.swift */,
			);
			path = Authentication;
			sourceTree = "<group>";
		};
		3CA5274CB0751ACBC542CEDD /* Pods */ = {
			isa = PBXGroup;
			children = (
				CB95015FFD0D9A8E972F28F4 /* Pods-Uber Clone.debug.xcconfig */,
				DDBB594AEB96DB9C7E9B3915 /* Pods-Uber Clone.release.xcconfig */,
			);
			path = Pods;
			sourceTree = "<group>";
		};
		D80546134DB31A1DAAD8D916 /* Frameworks */ = {
			isa = PBXGroup;
			children = (
				F114D35EF285D5A7147B3814 /* Pods_Uber_Clone.framework */,
			);
			name = Frameworks;
			sourceTree = "<group>";
		};
/* End PBXGroup section */

/* Begin PBXNativeTarget section */
		1007A2C4270F7D780000997C /* Uber Clone */ = {
			isa = PBXNativeTarget;
			buildConfigurationList = 1007A2D9270F7D800000997C /* Build configuration list for PBXNativeTarget "Uber Clone" */;
			buildPhases = (
				86D00A85F19EAC3E2A7A89DB /* [CP] Check Pods Manifest.lock */,
				1007A2C1270F7D780000997C /* Sources */,
				1007A2C2270F7D780000997C /* Frameworks */,
				1007A2C3270F7D780000997C /* Resources */,
				0F762070236CD594B16C42B4 /* [CP] Embed Pods Frameworks */,
			);
			buildRules = (
			);
			dependencies = (
			);
			name = "Uber Clone";
			productName = "Uber Clone";
			productReference = 1007A2C5270F7D780000997C /* Uber Clone.app */;
			productType = "com.apple.product-type.application";
		};
/* End PBXNativeTarget section */

/* Begin PBXProject section */
		1007A2BD270F7D780000997C /* Project object */ = {
			isa = PBXProject;
			attributes = {
				BuildIndependentTargetsInParallel = 1;
				LastSwiftUpdateCheck = 1300;
				LastUpgradeCheck = 1300;
				TargetAttributes = {
					1007A2C4270F7D780000997C = {
						CreatedOnToolsVersion = 13.0;
					};
				};
			};
			buildConfigurationList = 1007A2C0270F7D780000997C /* Build configuration list for PBXProject "Uber Clone" */;
			compatibilityVersion = "Xcode 13.0";
			developmentRegion = en;
			hasScannedForEncodings = 0;
			knownRegions = (
				en,
				Base,
			);
			mainGroup = 1007A2BC270F7D780000997C;
			productRefGroup = 1007A2C6270F7D780000997C /* Products */;
			projectDirPath = "";
			projectRoot = "";
			targets = (
				1007A2C4270F7D780000997C /* Uber Clone */,
			);
		};
/* End PBXProject section */

/* Begin PBXResourcesBuildPhase section */
		1007A2C3270F7D780000997C /* Resources */ = {
			isa = PBXResourcesBuildPhase;
			buildActionMask = 2147483647;
			files = (
				1007A2D5270F7D7F0000997C /* LaunchScreen.storyboard in Resources */,
				1007A2D2270F7D7F0000997C /* Assets.xcassets in Resources */,
				1007A31327175A460000997C /* GoogleService-Info.plist in Resources */,
			);
			runOnlyForDeploymentPostprocessing = 0;
		};
/* End PBXResourcesBuildPhase section */

/* Begin PBXShellScriptBuildPhase section */
		0F762070236CD594B16C42B4 /* [CP] Embed Pods Frameworks */ = {
			isa = PBXShellScriptBuildPhase;
			buildActionMask = 2147483647;
			files = (
			);
			inputFileListPaths = (
				"${PODS_ROOT}/Target Support Files/Pods-Uber Clone/Pods-Uber Clone-frameworks-${CONFIGURATION}-input-files.xcfilelist",
			);
			name = "[CP] Embed Pods Frameworks";
			outputFileListPaths = (
				"${PODS_ROOT}/Target Support Files/Pods-Uber Clone/Pods-Uber Clone-frameworks-${CONFIGURATION}-output-files.xcfilelist",
			);
			runOnlyForDeploymentPostprocessing = 0;
			shellPath = /bin/sh;
			shellScript = "\"${PODS_ROOT}/Target Support Files/Pods-Uber Clone/Pods-Uber Clone-frameworks.sh\"\n";
			showEnvVarsInLog = 0;
		};
		86D00A85F19EAC3E2A7A89DB /* [CP] Check Pods Manifest.lock */ = {
			isa = PBXShellScriptBuildPhase;
			buildActionMask = 2147483647;
			files = (
			);
			inputFileListPaths = (
			);
			inputPaths = (
				"${PODS_PODFILE_DIR_PATH}/Podfile.lock",
				"${PODS_ROOT}/Manifest.lock",
			);
			name = "[CP] Check Pods Manifest.lock";
			outputFileListPaths = (
			);
			outputPaths = (
				"$(DERIVED_FILE_DIR)/Pods-Uber Clone-checkManifestLockResult.txt",
			);
			runOnlyForDeploymentPostprocessing = 0;
			shellPath = /bin/sh;
			shellScript = "diff \"${PODS_PODFILE_DIR_PATH}/Podfile.lock\" \"${PODS_ROOT}/Manifest.lock\" > /dev/null\nif [ $? != 0 ] ; then\n    # print error to STDERR\n    echo \"error: The sandbox is not in sync with the Podfile.lock. Run 'pod install' or update your CocoaPods installation.\" >&2\n    exit 1\nfi\n# This output is used by Xcode 'outputs' to avoid re-running this script phase.\necho \"SUCCESS\" > \"${SCRIPT_OUTPUT_FILE_0}\"\n";
			showEnvVarsInLog = 0;
		};
/* End PBXShellScriptBuildPhase section */

/* Begin PBXSourcesBuildPhase section */
		1007A2C1270F7D780000997C /* Sources */ = {
			isa = PBXSourcesBuildPhase;
			buildActionMask = 2147483647;
			files = (
				1007A2E4271740460000997C /* Extesions.swift in Sources */,
				1007A30F27174B120000997C /* Service.swift in Sources */,
				1007A30127174A390000997C /* AddLocationController.swift in Sources */,
				1007A30B27174AD40000997C /* HomeController.swift in Sources */,
				1007A30927174AA40000997C /* SignUpController.swift in Sources */,
				1007A2F8271749BC0000997C /* UserInfoHeader.swift in Sources */,
				1007A2F02717494C0000997C /* AuthButton.swift in Sources */,
				1007A2C9270F7D780000997C /* AppDelegate.swift in Sources */,
				1007A2E6271748C30000997C /* User.swift in Sources */,
				1007A2F6271749A10000997C /* MenuHeader.swift in Sources */,
				1007A2EC271749220000997C /* RideActionView.swift in Sources */,
				1007A30727174A880000997C /* LoginController.swift in Sources */,
				1007A2FF27174A1D0000997C /* SettingsController.swift in Sources */,
				1007A30327174A540000997C /* MenuController.swift in Sources */,
				1007A2E8271748E20000997C /* DriverAnnotation.swift in Sources */,
				1007A31127174B3F0000997C /* LocationHandler.swift in Sources */,
				1007A30527174A690000997C /* ContainerController.swift in Sources */,
				1007A2EE271749380000997C /* LocationCell.swift in Sources */,
				1007A2EA271748FC0000997C /* Trip.swift in Sources */,
				1007A30D27174AF80000997C /* PickUpController.swift in Sources */,
				1007A2CB270F7D780000997C /* SceneDelegate.swift in Sources */,
				1007A2F42717498F0000997C /* LocationInputActivationView.swift in Sources */,
				1007A2FA271749DC0000997C /* CircularProgressView.swift in Sources */,
				1007A2F22717495F0000997C /* LocationInputView.swift in Sources */,
			);
			runOnlyForDeploymentPostprocessing = 0;
		};
/* End PBXSourcesBuildPhase section */

/* Begin PBXVariantGroup section */
		1007A2D3270F7D7F0000997C /* LaunchScreen.storyboard */ = {
			isa = PBXVariantGroup;
			children = (
				1007A2D4270F7D7F0000997C /* Base */,
			);
			name = LaunchScreen.storyboard;
			sourceTree = "<group>";
		};
/* End PBXVariantGroup section */

/* Begin XCBuildConfiguration section */
		1007A2D7270F7D7F0000997C /* Debug */ = {
			isa = XCBuildConfiguration;
			buildSettings = {
				ALWAYS_SEARCH_USER_PATHS = NO;
				CLANG_ANALYZER_NONNULL = YES;
				CLANG_ANALYZER_NUMBER_OBJECT_CONVERSION = YES_AGGRESSIVE;
				CLANG_CXX_LANGUAGE_STANDARD = "gnu++17";
				CLANG_CXX_LIBRARY = "libc++";
				CLANG_ENABLE_MODULES = YES;
				CLANG_ENABLE_OBJC_ARC = YES;
				CLANG_ENABLE_OBJC_WEAK = YES;
				CLANG_WARN_BLOCK_CAPTURE_AUTORELEASING = YES;
				CLANG_WARN_BOOL_CONVERSION = YES;
				CLANG_WARN_COMMA = YES;
				CLANG_WARN_CONSTANT_CONVERSION = YES;
				CLANG_WARN_DEPRECATED_OBJC_IMPLEMENTATIONS = YES;
				CLANG_WARN_DIRECT_OBJC_ISA_USAGE = YES_ERROR;
				CLANG_WARN_DOCUMENTATION_COMMENTS = YES;
				CLANG_WARN_EMPTY_BODY = YES;
				CLANG_WARN_ENUM_CONVERSION = YES;
				CLANG_WARN_INFINITE_RECURSION = YES;
				CLANG_WARN_INT_CONVERSION = YES;
				CLANG_WARN_NON_LITERAL_NULL_CONVERSION = YES;
				CLANG_WARN_OBJC_IMPLICIT_RETAIN_SELF = YES;
				CLANG_WARN_OBJC_LITERAL_CONVERSION = YES;
				CLANG_WARN_OBJC_ROOT_CLASS = YES_ERROR;
				CLANG_WARN_QUOTED_INCLUDE_IN_FRAMEWORK_HEADER = YES;
				CLANG_WARN_RANGE_LOOP_ANALYSIS = YES;
				CLANG_WARN_STRICT_PROTOTYPES = YES;
				CLANG_WARN_SUSPICIOUS_MOVE = YES;
				CLANG_WARN_UNGUARDED_AVAILABILITY = YES_AGGRESSIVE;
				CLANG_WARN_UNREACHABLE_CODE = YES;
				CLANG_WARN__DUPLICATE_METHOD_MATCH = YES;
				COPY_PHASE_STRIP = NO;
				DEBUG_INFORMATION_FORMAT = dwarf;
				ENABLE_STRICT_OBJC_MSGSEND = YES;
				ENABLE_TESTABILITY = YES;
				GCC_C_LANGUAGE_STANDARD = gnu11;
				GCC_DYNAMIC_NO_PIC = NO;
				GCC_NO_COMMON_BLOCKS = YES;
				GCC_OPTIMIZATION_LEVEL = 0;
				GCC_PREPROCESSOR_DEFINITIONS = (
					"DEBUG=1",
					"$(inherited)",
				);
				GCC_WARN_64_TO_32_BIT_CONVERSION = YES;
				GCC_WARN_ABOUT_RETURN_TYPE = YES_ERROR;
				GCC_WARN_UNDECLARED_SELECTOR = YES;
				GCC_WARN_UNINITIALIZED_AUTOS = YES_AGGRESSIVE;
				GCC_WARN_UNUSED_FUNCTION = YES;
				GCC_WARN_UNUSED_VARIABLE = YES;
				IPHONEOS_DEPLOYMENT_TARGET = 15.0;
				MTL_ENABLE_DEBUG_INFO = INCLUDE_SOURCE;
				MTL_FAST_MATH = YES;
				ONLY_ACTIVE_ARCH = YES;
				SDKROOT = iphoneos;
				SWIFT_ACTIVE_COMPILATION_CONDITIONS = DEBUG;
				SWIFT_OPTIMIZATION_LEVEL = "-Onone";
			};
			name = Debug;
		};
		1007A2D8270F7D7F0000997C /* Release */ = {
			isa = XCBuildConfiguration;
			buildSettings = {
				ALWAYS_SEARCH_USER_PATHS = NO;
				CLANG_ANALYZER_NONNULL = YES;
				CLANG_ANALYZER_NUMBER_OBJECT_CONVERSION = YES_AGGRESSIVE;
				CLANG_CXX_LANGUAGE_STANDARD = "gnu++17";
				CLANG_CXX_LIBRARY = "libc++";
				CLANG_ENABLE_MODULES = YES;
				CLANG_ENABLE_OBJC_ARC = YES;
				CLANG_ENABLE_OBJC_WEAK = YES;
				CLANG_WARN_BLOCK_CAPTURE_AUTORELEASING = YES;
				CLANG_WARN_BOOL_CONVERSION = YES;
				CLANG_WARN_COMMA = YES;
				CLANG_WARN_CONSTANT_CONVERSION = YES;
				CLANG_WARN_DEPRECATED_OBJC_IMPLEMENTATIONS = YES;
				CLANG_WARN_DIRECT_OBJC_ISA_USAGE = YES_ERROR;
				CLANG_WARN_DOCUMENTATION_COMMENTS = YES;
				CLANG_WARN_EMPTY_BODY = YES;
				CLANG_WARN_ENUM_CONVERSION = YES;
				CLANG_WARN_INFINITE_RECURSION = YES;
				CLANG_WARN_INT_CONVERSION = YES;
				CLANG_WARN_NON_LITERAL_NULL_CONVERSION = YES;
				CLANG_WARN_OBJC_IMPLICIT_RETAIN_SELF = YES;
				CLANG_WARN_OBJC_LITERAL_CONVERSION = YES;
				CLANG_WARN_OBJC_ROOT_CLASS = YES_ERROR;
				CLANG_WARN_QUOTED_INCLUDE_IN_FRAMEWORK_HEADER = YES;
				CLANG_WARN_RANGE_LOOP_ANALYSIS = YES;
				CLANG_WARN_STRICT_PROTOTYPES = YES;
				CLANG_WARN_SUSPICIOUS_MOVE = YES;
				CLANG_WARN_UNGUARDED_AVAILABILITY = YES_AGGRESSIVE;
				CLANG_WARN_UNREACHABLE_CODE = YES;
				CLANG_WARN__DUPLICATE_METHOD_MATCH = YES;
				COPY_PHASE_STRIP = NO;
				DEBUG_INFORMATION_FORMAT = "dwarf-with-dsym";
				ENABLE_NS_ASSERTIONS = NO;
				ENABLE_STRICT_OBJC_MSGSEND = YES;
				GCC_C_LANGUAGE_STANDARD = gnu11;
				GCC_NO_COMMON_BLOCKS = YES;
				GCC_WARN_64_TO_32_BIT_CONVERSION = YES;
				GCC_WARN_ABOUT_RETURN_TYPE = YES_ERROR;
				GCC_WARN_UNDECLARED_SELECTOR = YES;
				GCC_WARN_UNINITIALIZED_AUTOS = YES_AGGRESSIVE;
				GCC_WARN_UNUSED_FUNCTION = YES;
				GCC_WARN_UNUSED_VARIABLE = YES;
				IPHONEOS_DEPLOYMENT_TARGET = 15.0;
				MTL_ENABLE_DEBUG_INFO = NO;
				MTL_FAST_MATH = YES;
				SDKROOT = iphoneos;
				SWIFT_COMPILATION_MODE = wholemodule;
				SWIFT_OPTIMIZATION_LEVEL = "-O";
				VALIDATE_PRODUCT = YES;
			};
			name = Release;
		};
		1007A2DA270F7D800000997C /* Debug */ = {
			isa = XCBuildConfiguration;
			baseConfigurationReference = CB95015FFD0D9A8E972F28F4 /* Pods-Uber Clone.debug.xcconfig */;
			buildSettings = {
				ASSETCATALOG_COMPILER_APPICON_NAME = AppIcon;
				ASSETCATALOG_COMPILER_GLOBAL_ACCENT_COLOR_NAME = AccentColor;
				CODE_SIGN_STYLE = Automatic;
				CURRENT_PROJECT_VERSION = 1;
				DEVELOPMENT_TEAM = GQ3DTQGNTX;
				GENERATE_INFOPLIST_FILE = YES;
				INFOPLIST_FILE = "Uber Clone/Info.plist";
				INFOPLIST_KEY_UIApplicationSupportsIndirectInputEvents = YES;
				INFOPLIST_KEY_UILaunchStoryboardName = LaunchScreen;
				INFOPLIST_KEY_UISupportedInterfaceOrientations_iPad = "UIInterfaceOrientationPortrait UIInterfaceOrientationPortraitUpsideDown UIInterfaceOrientationLandscapeLeft UIInterfaceOrientationLandscapeRight";
				INFOPLIST_KEY_UISupportedInterfaceOrientations_iPhone = "UIInterfaceOrientationPortrait UIInterfaceOrientationLandscapeLeft UIInterfaceOrientationLandscapeRight";
				LD_RUNPATH_SEARCH_PATHS = (
					"$(inherited)",
					"@executable_path/Frameworks",
				);
				MARKETING_VERSION = 1.0;
				PRODUCT_BUNDLE_IDENTIFIER = "com.mehmetcan.seyhan.Uber-Clone";
				PRODUCT_NAME = "$(TARGET_NAME)";
				SWIFT_EMIT_LOC_STRINGS = YES;
				SWIFT_VERSION = 5.0;
				TARGETED_DEVICE_FAMILY = "1,2";
			};
			name = Debug;
		};
		1007A2DB270F7D800000997C /* Release */ = {
			isa = XCBuildConfiguration;
			baseConfigurationReference = DDBB594AEB96DB9C7E9B3915 /* Pods-Uber Clone.release.xcconfig */;
			buildSettings = {
				ASSETCATALOG_COMPILER_APPICON_NAME = AppIcon;
				ASSETCATALOG_COMPILER_GLOBAL_ACCENT_COLOR_NAME = AccentColor;
				CODE_SIGN_STYLE = Automatic;
				CURRENT_PROJECT_VERSION = 1;
				DEVELOPMENT_TEAM = GQ3DTQGNTX;
				GENERATE_INFOPLIST_FILE = YES;
				INFOPLIST_FILE = "Uber Clone/Info.plist";
				INFOPLIST_KEY_UIApplicationSupportsIndirectInputEvents = YES;
				INFOPLIST_KEY_UILaunchStoryboardName = LaunchScreen;
				INFOPLIST_KEY_UISupportedInterfaceOrientations_iPad = "UIInterfaceOrientationPortrait UIInterfaceOrientationPortraitUpsideDown UIInterfaceOrientationLandscapeLeft UIInterfaceOrientationLandscapeRight";
				INFOPLIST_KEY_UISupportedInterfaceOrientations_iPhone = "UIInterfaceOrientationPortrait UIInterfaceOrientationLandscapeLeft UIInterfaceOrientationLandscapeRight";
				LD_RUNPATH_SEARCH_PATHS = (
					"$(inherited)",
					"@executable_path/Frameworks",
				);
				MARKETING_VERSION = 1.0;
				PRODUCT_BUNDLE_IDENTIFIER = "com.mehmetcan.seyhan.Uber-Clone";
				PRODUCT_NAME = "$(TARGET_NAME)";
				SWIFT_EMIT_LOC_STRINGS = YES;
				SWIFT_VERSION = 5.0;
				TARGETED_DEVICE_FAMILY = "1,2";
			};
			name = Release;
		};
/* End XCBuildConfiguration section */

/* Begin XCConfigurationList section */
		1007A2C0270F7D780000997C /* Build configuration list for PBXProject "Uber Clone" */ = {
			isa = XCConfigurationList;
			buildConfigurations = (
				1007A2D7270F7D7F0000997C /* Debug */,
				1007A2D8270F7D7F0000997C /* Release */,
			);
			defaultConfigurationIsVisible = 0;
			defaultConfigurationName = Release;
		};
		1007A2D9270F7D800000997C /* Build configuration list for PBXNativeTarget "Uber Clone" */ = {
			isa = XCConfigurationList;
			buildConfigurations = (
				1007A2DA270F7D800000997C /* Debug */,
				1007A2DB270F7D800000997C /* Release */,
			);
			defaultConfigurationIsVisible = 0;
			defaultConfigurationName = Release;
		};
/* End XCConfigurationList section */
	};
	rootObject = 1007A2BD270F7D780000997C /* Project object */;
}
